// !$*UTF8*$!
{
	archiveVersion = 1;
	classes = {
	};
	objectVersion = 56;
	objects = {

/* Begin PBXBuildFile section */
		C37924DF2C72201900D2E944 /* ArtBookSwiftUIApp.swift in Sources */ = {isa = PBXBuildFile; fileRef = C37924DE2C72201900D2E944 /* ArtBookSwiftUIApp.swift */; };
		C37924E12C72201900D2E944 /* ContentView.swift in Sources */ = {isa = PBXBuildFile; fileRef = C37924E02C72201900D2E944 /* ContentView.swift */; };
		C37924E32C72202700D2E944 /* Assets.xcassets in Resources */ = {isa = PBXBuildFile; fileRef = C37924E22C72202700D2E944 /* Assets.xcassets */; };
		C37924E62C72202700D2E944 /* Preview Assets.xcassets in Resources */ = {isa = PBXBuildFile; fileRef = C37924E52C72202700D2E944 /* Preview Assets.xcassets */; };
		C37924F02C72202800D2E944 /* ArtBookSwiftUITests.swift in Sources */ = {isa = PBXBuildFile; fileRef = C37924EF2C72202800D2E944 /* ArtBookSwiftUITests.swift */; };
		C37924FA2C72202900D2E944 /* ArtBookSwiftUIUITests.swift in Sources */ = {isa = PBXBuildFile; fileRef = C37924F92C72202900D2E944 /* ArtBookSwiftUIUITests.swift */; };
		C37924FC2C72202900D2E944 /* ArtBookSwiftUIUITestsLaunchTests.swift in Sources */ = {isa = PBXBuildFile; fileRef = C37924FB2C72202900D2E944 /* ArtBookSwiftUIUITestsLaunchTests.swift */; };
		C37925092C72227700D2E944 /* Painting.swift in Sources */ = {isa = PBXBuildFile; fileRef = C37925082C72227700D2E944 /* Painting.swift */; };
		C379250C2C72260600D2E944 /* CoreData.framework in Frameworks */ = {isa = PBXBuildFile; fileRef = C379250B2C72260600D2E944 /* CoreData.framework */; };
		C379250F2C72279500D2E944 /* ArtBookModel.xcdatamodeld in Sources */ = {isa = PBXBuildFile; fileRef = C379250D2C72279500D2E944 /* ArtBookModel.xcdatamodeld */; };
		C37925112C722F9800D2E944 /* AddArt.swift in Sources */ = {isa = PBXBuildFile; fileRef = C37925102C722F9800D2E944 /* AddArt.swift */; };
		C37925132C724E1400D2E944 /* selecticon.png in Resources */ = {isa = PBXBuildFile; fileRef = C37925122C724E1400D2E944 /* selecticon.png */; };
		C37925152C735BA500D2E944 /* myPersistenceController.swift in Sources */ = {isa = PBXBuildFile; fileRef = C37925142C735BA500D2E944 /* myPersistenceController.swift */; };
		C37925172C738A5A00D2E944 /* PaintingModel-Data.swift in Sources */ = {isa = PBXBuildFile; fileRef = C37925162C738A5A00D2E944 /* PaintingModel-Data.swift */; };
		C37925192C73FEA300D2E944 /* ArtViewModel.swift in Sources */ = {isa = PBXBuildFile; fileRef = C37925182C73FEA300D2E944 /* ArtViewModel.swift */; };
		C379251B2C74111A00D2E944 /* DetailedArtView.swift in Sources */ = {isa = PBXBuildFile; fileRef = C379251A2C74111A00D2E944 /* DetailedArtView.swift */; };
/* End PBXBuildFile section */

/* Begin PBXContainerItemProxy section */
		C37924EC2C72202800D2E944 /* PBXContainerItemProxy */ = {
			isa = PBXContainerItemProxy;
			containerPortal = C37924D32C72201900D2E944 /* Project object */;
			proxyType = 1;
			remoteGlobalIDString = C37924DA2C72201900D2E944;
			remoteInfo = ArtBookSwiftUI;
		};
		C37924F62C72202800D2E944 /* PBXContainerItemProxy */ = {
			isa = PBXContainerItemProxy;
			containerPortal = C37924D32C72201900D2E944 /* Project object */;
			proxyType = 1;
			remoteGlobalIDString = C37924DA2C72201900D2E944;
			remoteInfo = ArtBookSwiftUI;
		};
/* End PBXContainerItemProxy section */

/* Begin PBXFileReference section */
		C37924DB2C72201900D2E944 /* ArtBookSwiftUI.app */ = {isa = PBXFileReference; explicitFileType = wrapper.application; includeInIndex = 0; path = ArtBookSwiftUI.app; sourceTree = BUILT_PRODUCTS_DIR; };
		C37924DE2C72201900D2E944 /* ArtBookSwiftUIApp.swift */ = {isa = PBXFileReference; lastKnownFileType = sourcecode.swift; path = ArtBookSwiftUIApp.swift; sourceTree = "<group>"; };
		C37924E02C72201900D2E944 /* ContentView.swift */ = {isa = PBXFileReference; lastKnownFileType = sourcecode.swift; path = ContentView.swift; sourceTree = "<group>"; };
		C37924E22C72202700D2E944 /* Assets.xcassets */ = {isa = PBXFileReference; lastKnownFileType = folder.assetcatalog; path = Assets.xcassets; sourceTree = "<group>"; };
		C37924E52C72202700D2E944 /* Preview Assets.xcassets */ = {isa = PBXFileReference; lastKnownFileType = folder.assetcatalog; path = "Preview Assets.xcassets"; sourceTree = "<group>"; };
		C37924EB2C72202800D2E944 /* ArtBookSwiftUITests.xctest */ = {isa = PBXFileReference; explicitFileType = wrapper.cfbundle; includeInIndex = 0; path = ArtBookSwiftUITests.xctest; sourceTree = BUILT_PRODUCTS_DIR; };
		C37924EF2C72202800D2E944 /* ArtBookSwiftUITests.swift */ = {isa = PBXFileReference; lastKnownFileType = sourcecode.swift; path = ArtBookSwiftUITests.swift; sourceTree = "<group>"; };
		C37924F52C72202800D2E944 /* ArtBookSwiftUIUITests.xctest */ = {isa = PBXFileReference; explicitFileType = wrapper.cfbundle; includeInIndex = 0; path = ArtBookSwiftUIUITests.xctest; sourceTree = BUILT_PRODUCTS_DIR; };
		C37924F92C72202900D2E944 /* ArtBookSwiftUIUITests.swift */ = {isa = PBXFileReference; lastKnownFileType = sourcecode.swift; path = ArtBookSwiftUIUITests.swift; sourceTree = "<group>"; };
		C37924FB2C72202900D2E944 /* ArtBookSwiftUIUITestsLaunchTests.swift */ = {isa = PBXFileReference; lastKnownFileType = sourcecode.swift; path = ArtBookSwiftUIUITestsLaunchTests.swift; sourceTree = "<group>"; };
		C37925082C72227700D2E944 /* Painting.swift */ = {isa = PBXFileReference; lastKnownFileType = sourcecode.swift; path = Painting.swift; sourceTree = "<group>"; };
		C379250B2C72260600D2E944 /* CoreData.framework */ = {isa = PBXFileReference; lastKnownFileType = wrapper.framework; name = CoreData.framework; path = System/Library/Frameworks/CoreData.framework; sourceTree = SDKROOT; };
		C379250E2C72279500D2E944 /* ArtBookModel.xcdatamodel */ = {isa = PBXFileReference; lastKnownFileType = wrapper.xcdatamodel; path = ArtBookModel.xcdatamodel; sourceTree = "<group>"; };
		C37925102C722F9800D2E944 /* AddArt.swift */ = {isa = PBXFileReference; lastKnownFileType = sourcecode.swift; path = AddArt.swift; sourceTree = "<group>"; };
		C37925122C724E1400D2E944 /* selecticon.png */ = {isa = PBXFileReference; lastKnownFileType = image.png; name = selecticon.png; path = ../../ArtBook/ArtBook/Assets.xcassets/AccentColor.colorset/selecticon.png; sourceTree = "<group>"; };
		C37925142C735BA500D2E944 /* myPersistenceController.swift */ = {isa = PBXFileReference; lastKnownFileType = sourcecode.swift; path = myPersistenceController.swift; sourceTree = "<group>"; };
		C37925162C738A5A00D2E944 /* PaintingModel-Data.swift */ = {isa = PBXFileReference; lastKnownFileType = sourcecode.swift; path = "PaintingModel-Data.swift"; sourceTree = "<group>"; };
		C37925182C73FEA300D2E944 /* ArtViewModel.swift */ = {isa = PBXFileReference; lastKnownFileType = sourcecode.swift; path = ArtViewModel.swift; sourceTree = "<group>"; };
		C379251A2C74111A00D2E944 /* DetailedArtView.swift */ = {isa = PBXFileReference; lastKnownFileType = sourcecode.swift; path = DetailedArtView.swift; sourceTree = "<group>"; };
/* End PBXFileReference section */

/* Begin PBXFrameworksBuildPhase section */
		C37924D82C72201900D2E944 /* Frameworks */ = {
			isa = PBXFrameworksBuildPhase;
			buildActionMask = 2147483647;
			files = (
				C379250C2C72260600D2E944 /* CoreData.framework in Frameworks */,
			);
			runOnlyForDeploymentPostprocessing = 0;
		};
		C37924E82C72202800D2E944 /* Frameworks */ = {
			isa = PBXFrameworksBuildPhase;
			buildActionMask = 2147483647;
			files = (
			);
			runOnlyForDeploymentPostprocessing = 0;
		};
		C37924F22C72202800D2E944 /* Frameworks */ = {
			isa = PBXFrameworksBuildPhase;
			buildActionMask = 2147483647;
			files = (
			);
			runOnlyForDeploymentPostprocessing = 0;
		};
/* End PBXFrameworksBuildPhase section */

/* Begin PBXGroup section */
		C37924D22C72201900D2E944 = {
			isa = PBXGroup;
			children = (
				C379250D2C72279500D2E944 /* ArtBookModel.xcdatamodeld */,
				C37924DD2C72201900D2E944 /* ArtBookSwiftUI */,
				C37924EE2C72202800D2E944 /* ArtBookSwiftUITests */,
				C37924F82C72202900D2E944 /* ArtBookSwiftUIUITests */,
				C37924DC2C72201900D2E944 /* Products */,
				C379250A2C72260600D2E944 /* Frameworks */,
			);
			sourceTree = "<group>";
		};
		C37924DC2C72201900D2E944 /* Products */ = {
			isa = PBXGroup;
			children = (
				C37924DB2C72201900D2E944 /* ArtBookSwiftUI.app */,
				C37924EB2C72202800D2E944 /* ArtBookSwiftUITests.xctest */,
				C37924F52C72202800D2E944 /* ArtBookSwiftUIUITests.xctest */,
			);
			name = Products;
			sourceTree = "<group>";
		};
		C37924DD2C72201900D2E944 /* ArtBookSwiftUI */ = {
			isa = PBXGroup;
			children = (
				C37924DE2C72201900D2E944 /* ArtBookSwiftUIApp.swift */,
				C37924E02C72201900D2E944 /* ContentView.swift */,
				C37925182C73FEA300D2E944 /* ArtViewModel.swift */,
				C37925102C722F9800D2E944 /* AddArt.swift */,
				C379251A2C74111A00D2E944 /* DetailedArtView.swift */,
				C37925162C738A5A00D2E944 /* PaintingModel-Data.swift */,
				C37925142C735BA500D2E944 /* myPersistenceController.swift */,
				C37925082C72227700D2E944 /* Painting.swift */,
				C37924E22C72202700D2E944 /* Assets.xcassets */,
				C37925122C724E1400D2E944 /* selecticon.png */,
				C37924E42C72202700D2E944 /* Preview Content */,
			);
			path = ArtBookSwiftUI;
			sourceTree = "<group>";
		};
		C37924E42C72202700D2E944 /* Preview Content */ = {
			isa = PBXGroup;
			children = (
				C37924E52C72202700D2E944 /* Preview Assets.xcassets */,
			);
			path = "Preview Content";
			sourceTree = "<group>";
		};
		C37924EE2C72202800D2E944 /* ArtBookSwiftUITests */ = {
			isa = PBXGroup;
			children = (
				C37924EF2C72202800D2E944 /* ArtBookSwiftUITests.swift */,
			);
			path = ArtBookSwiftUITests;
			sourceTree = "<group>";
		};
		C37924F82C72202900D2E944 /* ArtBookSwiftUIUITests */ = {
			isa = PBXGroup;
			children = (
				C37924F92C72202900D2E944 /* ArtBookSwiftUIUITests.swift */,
				C37924FB2C72202900D2E944 /* ArtBookSwiftUIUITestsLaunchTests.swift */,
			);
			path = ArtBookSwiftUIUITests;
			sourceTree = "<group>";
		};
		C379250A2C72260600D2E944 /* Frameworks */ = {
			isa = PBXGroup;
			children = (
				C379250B2C72260600D2E944 /* CoreData.framework */,
			);
			name = Frameworks;
			sourceTree = "<group>";
		};
/* End PBXGroup section */

/* Begin PBXNativeTarget section */
		C37924DA2C72201900D2E944 /* ArtBookSwiftUI */ = {
			isa = PBXNativeTarget;
			buildConfigurationList = C37924FF2C72202900D2E944 /* Build configuration list for PBXNativeTarget "ArtBookSwiftUI" */;
			buildPhases = (
				C37924D72C72201900D2E944 /* Sources */,
				C37924D82C72201900D2E944 /* Frameworks */,
				C37924D92C72201900D2E944 /* Resources */,
			);
			buildRules = (
			);
			dependencies = (
			);
			name = ArtBookSwiftUI;
			productName = ArtBookSwiftUI;
			productReference = C37924DB2C72201900D2E944 /* ArtBookSwiftUI.app */;
			productType = "com.apple.product-type.application";
		};
		C37924EA2C72202800D2E944 /* ArtBookSwiftUITests */ = {
			isa = PBXNativeTarget;
			buildConfigurationList = C37925022C72202900D2E944 /* Build configuration list for PBXNativeTarget "ArtBookSwiftUITests" */;
			buildPhases = (
				C37924E72C72202800D2E944 /* Sources */,
				C37924E82C72202800D2E944 /* Frameworks */,
				C37924E92C72202800D2E944 /* Resources */,
			);
			buildRules = (
			);
			dependencies = (
				C37924ED2C72202800D2E944 /* PBXTargetDependency */,
			);
			name = ArtBookSwiftUITests;
			productName = ArtBookSwiftUITests;
			productReference = C37924EB2C72202800D2E944 /* ArtBookSwiftUITests.xctest */;
			productType = "com.apple.product-type.bundle.unit-test";
		};
		C37924F42C72202800D2E944 /* ArtBookSwiftUIUITests */ = {
			isa = PBXNativeTarget;
			buildConfigurationList = C37925052C72202900D2E944 /* Build configuration list for PBXNativeTarget "ArtBookSwiftUIUITests" */;
			buildPhases = (
				C37924F12C72202800D2E944 /* Sources */,
				C37924F22C72202800D2E944 /* Frameworks */,
				C37924F32C72202800D2E944 /* Resources */,
			);
			buildRules = (
			);
			dependencies = (
				C37924F72C72202800D2E944 /* PBXTargetDependency */,
			);
			name = ArtBookSwiftUIUITests;
			productName = ArtBookSwiftUIUITests;
			productReference = C37924F52C72202800D2E944 /* ArtBookSwiftUIUITests.xctest */;
			productType = "com.apple.product-type.bundle.ui-testing";
		};
/* End PBXNativeTarget section */

/* Begin PBXProject section */
		C37924D32C72201900D2E944 /* Project object */ = {
			isa = PBXProject;
			attributes = {
				BuildIndependentTargetsInParallel = 1;
				LastSwiftUpdateCheck = 1520;
				LastUpgradeCheck = 1520;
				TargetAttributes = {
					C37924DA2C72201900D2E944 = {
						CreatedOnToolsVersion = 15.2;
					};
					C37924EA2C72202800D2E944 = {
						CreatedOnToolsVersion = 15.2;
						TestTargetID = C37924DA2C72201900D2E944;
					};
					C37924F42C72202800D2E944 = {
						CreatedOnToolsVersion = 15.2;
						TestTargetID = C37924DA2C72201900D2E944;
					};
				};
			};
			buildConfigurationList = C37924D62C72201900D2E944 /* Build configuration list for PBXProject "ArtBookSwiftUI" */;
			compatibilityVersion = "Xcode 14.0";
			developmentRegion = en;
			hasScannedForEncodings = 0;
			knownRegions = (
				en,
				Base,
			);
			mainGroup = C37924D22C72201900D2E944;
			productRefGroup = C37924DC2C72201900D2E944 /* Products */;
			projectDirPath = "";
			projectRoot = "";
			targets = (
				C37924DA2C72201900D2E944 /* ArtBookSwiftUI */,
				C37924EA2C72202800D2E944 /* ArtBookSwiftUITests */,
				C37924F42C72202800D2E944 /* ArtBookSwiftUIUITests */,
			);
		};
/* End PBXProject section */

/* Begin PBXResourcesBuildPhase section */
		C37924D92C72201900D2E944 /* Resources */ = {
			isa = PBXResourcesBuildPhase;
			buildActionMask = 2147483647;
			files = (
				C37925132C724E1400D2E944 /* selecticon.png in Resources */,
				C37924E62C72202700D2E944 /* Preview Assets.xcassets in Resources */,
				C37924E32C72202700D2E944 /* Assets.xcassets in Resources */,
			);
			runOnlyForDeploymentPostprocessing = 0;
		};
		C37924E92C72202800D2E944 /* Resources */ = {
			isa = PBXResourcesBuildPhase;
			buildActionMask = 2147483647;
			files = (
			);
			runOnlyForDeploymentPostprocessing = 0;
		};
		C37924F32C72202800D2E944 /* Resources */ = {
			isa = PBXResourcesBuildPhase;
			buildActionMask = 2147483647;
			files = (
			);
			runOnlyForDeploymentPostprocessing = 0;
		};
/* End PBXResourcesBuildPhase section */

/* Begin PBXSourcesBuildPhase section */
		C37924D72C72201900D2E944 /* Sources */ = {
			isa = PBXSourcesBuildPhase;
			buildActionMask = 2147483647;
			files = (
				C37925192C73FEA300D2E944 /* ArtViewModel.swift in Sources */,
				C379250F2C72279500D2E944 /* ArtBookModel.xcdatamodeld in Sources */,
				C37925172C738A5A00D2E944 /* PaintingModel-Data.swift in Sources */,
				C37925112C722F9800D2E944 /* AddArt.swift in Sources */,
				C37924E12C72201900D2E944 /* ContentView.swift in Sources */,
				C37925152C735BA500D2E944 /* myPersistenceController.swift in Sources */,
				C379251B2C74111A00D2E944 /* DetailedArtView.swift in Sources */,
				C37924DF2C72201900D2E944 /* ArtBookSwiftUIApp.swift in Sources */,
				C37925092C72227700D2E944 /* Painting.swift in Sources */,
			);
			runOnlyForDeploymentPostprocessing = 0;
		};
		C37924E72C72202800D2E944 /* Sources */ = {
			isa = PBXSourcesBuildPhase;
			buildActionMask = 2147483647;
			files = (
				C37924F02C72202800D2E944 /* ArtBookSwiftUITests.swift in Sources */,
			);
			runOnlyForDeploymentPostprocessing = 0;
		};
		C37924F12C72202800D2E944 /* Sources */ = {
			isa = PBXSourcesBuildPhase;
			buildActionMask = 2147483647;
			files = (
				C37924FA2C72202900D2E944 /* ArtBookSwiftUIUITests.swift in Sources */,
				C37924FC2C72202900D2E944 /* ArtBookSwiftUIUITestsLaunchTests.swift in Sources */,
			);
			runOnlyForDeploymentPostprocessing = 0;
		};
/* End PBXSourcesBuildPhase section */

/* Begin PBXTargetDependency section */
		C37924ED2C72202800D2E944 /* PBXTargetDependency */ = {
			isa = PBXTargetDependency;
			target = C37924DA2C72201900D2E944 /* ArtBookSwiftUI */;
			targetProxy = C37924EC2C72202800D2E944 /* PBXContainerItemProxy */;
		};
		C37924F72C72202800D2E944 /* PBXTargetDependency */ = {
			isa = PBXTargetDependency;
			target = C37924DA2C72201900D2E944 /* ArtBookSwiftUI */;
			targetProxy = C37924F62C72202800D2E944 /* PBXContainerItemProxy */;
		};
/* End PBXTargetDependency section */

/* Begin XCBuildConfiguration section */
		C37924FD2C72202900D2E944 /* Debug */ = {
			isa = XCBuildConfiguration;
			buildSettings = {
				ALWAYS_SEARCH_USER_PATHS = NO;
				ASSETCATALOG_COMPILER_GENERATE_SWIFT_ASSET_SYMBOL_EXTENSIONS = YES;
				CLANG_ANALYZER_NONNULL = YES;
				CLANG_ANALYZER_NUMBER_OBJECT_CONVERSION = YES_AGGRESSIVE;
				CLANG_CXX_LANGUAGE_STANDARD = "gnu++20";
				CLANG_ENABLE_MODULES = YES;
				CLANG_ENABLE_OBJC_ARC = YES;
				CLANG_ENABLE_OBJC_WEAK = YES;
				CLANG_WARN_BLOCK_CAPTURE_AUTORELEASING = YES;
				CLANG_WARN_BOOL_CONVERSION = YES;
				CLANG_WARN_COMMA = YES;
				CLANG_WARN_CONSTANT_CONVERSION = YES;
				CLANG_WARN_DEPRECATED_OBJC_IMPLEMENTATIONS = YES;
				CLANG_WARN_DIRECT_OBJC_ISA_USAGE = YES_ERROR;
				CLANG_WARN_DOCUMENTATION_COMMENTS = YES;
				CLANG_WARN_EMPTY_BODY = YES;
				CLANG_WARN_ENUM_CONVERSION = YES;
				CLANG_WARN_INFINITE_RECURSION = YES;
				CLANG_WARN_INT_CONVERSION = YES;
				CLANG_WARN_NON_LITERAL_NULL_CONVERSION = YES;
				CLANG_WARN_OBJC_IMPLICIT_RETAIN_SELF = YES;
				CLANG_WARN_OBJC_LITERAL_CONVERSION = YES;
				CLANG_WARN_OBJC_ROOT_CLASS = YES_ERROR;
				CLANG_WARN_QUOTED_INCLUDE_IN_FRAMEWORK_HEADER = YES;
				CLANG_WARN_RANGE_LOOP_ANALYSIS = YES;
				CLANG_WARN_STRICT_PROTOTYPES = YES;
				CLANG_WARN_SUSPICIOUS_MOVE = YES;
				CLANG_WARN_UNGUARDED_AVAILABILITY = YES_AGGRESSIVE;
				CLANG_WARN_UNREACHABLE_CODE = YES;
				CLANG_WARN__DUPLICATE_METHOD_MATCH = YES;
				COPY_PHASE_STRIP = NO;
				DEBUG_INFORMATION_FORMAT = dwarf;
				ENABLE_STRICT_OBJC_MSGSEND = YES;
				ENABLE_TESTABILITY = YES;
				ENABLE_USER_SCRIPT_SANDBOXING = YES;
				GCC_C_LANGUAGE_STANDARD = gnu17;
				GCC_DYNAMIC_NO_PIC = NO;
				GCC_NO_COMMON_BLOCKS = YES;
				GCC_OPTIMIZATION_LEVEL = 0;
				GCC_PREPROCESSOR_DEFINITIONS = (
					"DEBUG=1",
					"$(inherited)",
				);
				GCC_WARN_64_TO_32_BIT_CONVERSION = YES;
				GCC_WARN_ABOUT_RETURN_TYPE = YES_ERROR;
				GCC_WARN_UNDECLARED_SELECTOR = YES;
				GCC_WARN_UNINITIALIZED_AUTOS = YES_AGGRESSIVE;
				GCC_WARN_UNUSED_FUNCTION = YES;
				GCC_WARN_UNUSED_VARIABLE = YES;
				IPHONEOS_DEPLOYMENT_TARGET = 17.2;
				LOCALIZATION_PREFERS_STRING_CATALOGS = YES;
				MTL_ENABLE_DEBUG_INFO = INCLUDE_SOURCE;
				MTL_FAST_MATH = YES;
				ONLY_ACTIVE_ARCH = YES;
				SDKROOT = iphoneos;
				SWIFT_ACTIVE_COMPILATION_CONDITIONS = "DEBUG $(inherited)";
				SWIFT_OPTIMIZATION_LEVEL = "-Onone";
			};
			name = Debug;
		};
		C37924FE2C72202900D2E944 /* Release */ = {
			isa = XCBuildConfiguration;
			buildSettings = {
				ALWAYS_SEARCH_USER_PATHS = NO;
				ASSETCATALOG_COMPILER_GENERATE_SWIFT_ASSET_SYMBOL_EXTENSIONS = YES;
				CLANG_ANALYZER_NONNULL = YES;
				CLANG_ANALYZER_NUMBER_OBJECT_CONVERSION = YES_AGGRESSIVE;
				CLANG_CXX_LANGUAGE_STANDARD = "gnu++20";
				CLANG_ENABLE_MODULES = YES;
				CLANG_ENABLE_OBJC_ARC = YES;
				CLANG_ENABLE_OBJC_WEAK = YES;
				CLANG_WARN_BLOCK_CAPTURE_AUTORELEASING = YES;
				CLANG_WARN_BOOL_CONVERSION = YES;
				CLANG_WARN_COMMA = YES;
				CLANG_WARN_CONSTANT_CONVERSION = YES;
				CLANG_WARN_DEPRECATED_OBJC_IMPLEMENTATIONS = YES;
				CLANG_WARN_DIRECT_OBJC_ISA_USAGE = YES_ERROR;
				CLANG_WARN_DOCUMENTATION_COMMENTS = YES;
				CLANG_WARN_EMPTY_BODY = YES;
				CLANG_WARN_ENUM_CONVERSION = YES;
				CLANG_WARN_INFINITE_RECURSION = YES;
				CLANG_WARN_INT_CONVERSION = YES;
				CLANG_WARN_NON_LITERAL_NULL_CONVERSION = YES;
				CLANG_WARN_OBJC_IMPLICIT_RETAIN_SELF = YES;
				CLANG_WARN_OBJC_LITERAL_CONVERSION = YES;
				CLANG_WARN_OBJC_ROOT_CLASS = YES_ERROR;
				CLANG_WARN_QUOTED_INCLUDE_IN_FRAMEWORK_HEADER = YES;
				CLANG_WARN_RANGE_LOOP_ANALYSIS = YES;
				CLANG_WARN_STRICT_PROTOTYPES = YES;
				CLANG_WARN_SUSPICIOUS_MOVE = YES;
				CLANG_WARN_UNGUARDED_AVAILABILITY = YES_AGGRESSIVE;
				CLANG_WARN_UNREACHABLE_CODE = YES;
				CLANG_WARN__DUPLICATE_METHOD_MATCH = YES;
				COPY_PHASE_STRIP = NO;
				DEBUG_INFORMATION_FORMAT = "dwarf-with-dsym";
				ENABLE_NS_ASSERTIONS = NO;
				ENABLE_STRICT_OBJC_MSGSEND = YES;
				ENABLE_USER_SCRIPT_SANDBOXING = YES;
				GCC_C_LANGUAGE_STANDARD = gnu17;
				GCC_NO_COMMON_BLOCKS = YES;
				GCC_WARN_64_TO_32_BIT_CONVERSION = YES;
				GCC_WARN_ABOUT_RETURN_TYPE = YES_ERROR;
				GCC_WARN_UNDECLARED_SELECTOR = YES;
				GCC_WARN_UNINITIALIZED_AUTOS = YES_AGGRESSIVE;
				GCC_WARN_UNUSED_FUNCTION = YES;
				GCC_WARN_UNUSED_VARIABLE = YES;
				IPHONEOS_DEPLOYMENT_TARGET = 17.2;
				LOCALIZATION_PREFERS_STRING_CATALOGS = YES;
				MTL_ENABLE_DEBUG_INFO = NO;
				MTL_FAST_MATH = YES;
				SDKROOT = iphoneos;
				SWIFT_COMPILATION_MODE = wholemodule;
				VALIDATE_PRODUCT = YES;
			};
			name = Release;
		};
		C37925002C72202900D2E944 /* Debug */ = {
			isa = XCBuildConfiguration;
			buildSettings = {
				ASSETCATALOG_COMPILER_APPICON_NAME = AppIcon;
				ASSETCATALOG_COMPILER_GLOBAL_ACCENT_COLOR_NAME = AccentColor;
				CODE_SIGN_STYLE = Automatic;
				CURRENT_PROJECT_VERSION = 1;
				DEVELOPMENT_ASSET_PATHS = "\"ArtBookSwiftUI/Preview Content\"";
				DEVELOPMENT_TEAM = L7R6QG2MS7;
				ENABLE_PREVIEWS = YES;
				GENERATE_INFOPLIST_FILE = YES;
				INFOPLIST_KEY_UIApplicationSceneManifest_Generation = YES;
				INFOPLIST_KEY_UIApplicationSupportsIndirectInputEvents = YES;
				INFOPLIST_KEY_UILaunchScreen_Generation = YES;
				INFOPLIST_KEY_UISupportedInterfaceOrientations_iPad = "UIInterfaceOrientationPortrait UIInterfaceOrientationPortraitUpsideDown UIInterfaceOrientationLandscapeLeft UIInterfaceOrientationLandscapeRight";
				INFOPLIST_KEY_UISupportedInterfaceOrientations_iPhone = "UIInterfaceOrientationPortrait UIInterfaceOrientationLandscapeLeft UIInterfaceOrientationLandscapeRight";
				LD_RUNPATH_SEARCH_PATHS = (
					"$(inherited)",
					"@executable_path/Frameworks",
				);
				MARKETING_VERSION = 1.0;
				PRODUCT_BUNDLE_IDENTIFIER = com.Flock.ArtBookSwiftUI;
				PRODUCT_NAME = "$(TARGET_NAME)";
				SWIFT_EMIT_LOC_STRINGS = YES;
				SWIFT_VERSION = 5.0;
				TARGETED_DEVICE_FAMILY = "1,2";
			};
			name = Debug;
		};
		C37925012C72202900D2E944 /* Release */ = {
			isa = XCBuildConfiguration;
			buildSettings = {
				ASSETCATALOG_COMPILER_APPICON_NAME = AppIcon;
				ASSETCATALOG_COMPILER_GLOBAL_ACCENT_COLOR_NAME = AccentColor;
				CODE_SIGN_STYLE = Automatic;
				CURRENT_PROJECT_VERSION = 1;
				DEVELOPMENT_ASSET_PATHS = "\"ArtBookSwiftUI/Preview Content\"";
				DEVELOPMENT_TEAM = L7R6QG2MS7;
				ENABLE_PREVIEWS = YES;
				GENERATE_INFOPLIST_FILE = YES;
				INFOPLIST_KEY_UIApplicationSceneManifest_Generation = YES;
				INFOPLIST_KEY_UIApplicationSupportsIndirectInputEvents = YES;
				INFOPLIST_KEY_UILaunchScreen_Generation = YES;
				INFOPLIST_KEY_UISupportedInterfaceOrientations_iPad = "UIInterfaceOrientationPortrait UIInterfaceOrientationPortraitUpsideDown UIInterfaceOrientationLandscapeLeft UIInterfaceOrientationLandscapeRight";
				INFOPLIST_KEY_UISupportedInterfaceOrientations_iPhone = "UIInterfaceOrientationPortrait UIInterfaceOrientationLandscapeLeft UIInterfaceOrientationLandscapeRight";
				LD_RUNPATH_SEARCH_PATHS = (
					"$(inherited)",
					"@executable_path/Frameworks",
				);
				MARKETING_VERSION = 1.0;
				PRODUCT_BUNDLE_IDENTIFIER = com.Flock.ArtBookSwiftUI;
				PRODUCT_NAME = "$(TARGET_NAME)";
				SWIFT_EMIT_LOC_STRINGS = YES;
				SWIFT_VERSION = 5.0;
				TARGETED_DEVICE_FAMILY = "1,2";
			};
			name = Release;
		};
		C37925032C72202900D2E944 /* Debug */ = {
			isa = XCBuildConfiguration;
			buildSettings = {
				ALWAYS_EMBED_SWIFT_STANDARD_LIBRARIES = YES;
				BUNDLE_LOADER = "$(TEST_HOST)";
				CODE_SIGN_STYLE = Automatic;
				CURRENT_PROJECT_VERSION = 1;
				DEVELOPMENT_TEAM = L7R6QG2MS7;
				GENERATE_INFOPLIST_FILE = YES;
				IPHONEOS_DEPLOYMENT_TARGET = 17.2;
				MARKETING_VERSION = 1.0;
				PRODUCT_BUNDLE_IDENTIFIER = com.Flock.ArtBookSwiftUITests;
				PRODUCT_NAME = "$(TARGET_NAME)";
				SWIFT_EMIT_LOC_STRINGS = NO;
				SWIFT_VERSION = 5.0;
				TARGETED_DEVICE_FAMILY = "1,2";
				TEST_HOST = "$(BUILT_PRODUCTS_DIR)/ArtBookSwiftUI.app/$(BUNDLE_EXECUTABLE_FOLDER_PATH)/ArtBookSwiftUI";
			};
			name = Debug;
		};
		C37925042C72202900D2E944 /* Release */ = {
			isa = XCBuildConfiguration;
			buildSettings = {
				ALWAYS_EMBED_SWIFT_STANDARD_LIBRARIES = YES;
				BUNDLE_LOADER = "$(TEST_HOST)";
				CODE_SIGN_STYLE = Automatic;
				CURRENT_PROJECT_VERSION = 1;
				DEVELOPMENT_TEAM = L7R6QG2MS7;
				GENERATE_INFOPLIST_FILE = YES;
				IPHONEOS_DEPLOYMENT_TARGET = 17.2;
				MARKETING_VERSION = 1.0;
				PRODUCT_BUNDLE_IDENTIFIER = com.Flock.ArtBookSwiftUITests;
				PRODUCT_NAME = "$(TARGET_NAME)";
				SWIFT_EMIT_LOC_STRINGS = NO;
				SWIFT_VERSION = 5.0;
				TARGETED_DEVICE_FAMILY = "1,2";
				TEST_HOST = "$(BUILT_PRODUCTS_DIR)/ArtBookSwiftUI.app/$(BUNDLE_EXECUTABLE_FOLDER_PATH)/ArtBookSwiftUI";
			};
			name = Release;
		};
		C37925062C72202900D2E944 /* Debug */ = {
			isa = XCBuildConfiguration;
			buildSettings = {
				ALWAYS_EMBED_SWIFT_STANDARD_LIBRARIES = YES;
				CODE_SIGN_STYLE = Automatic;
				CURRENT_PROJECT_VERSION = 1;
				DEVELOPMENT_TEAM = L7R6QG2MS7;
				GENERATE_INFOPLIST_FILE = YES;
				MARKETING_VERSION = 1.0;
				PRODUCT_BUNDLE_IDENTIFIER = com.Flock.ArtBookSwiftUIUITests;
				PRODUCT_NAME = "$(TARGET_NAME)";
				SWIFT_EMIT_LOC_STRINGS = NO;
				SWIFT_VERSION = 5.0;
				TARGETED_DEVICE_FAMILY = "1,2";
				TEST_TARGET_NAME = ArtBookSwiftUI;
			};
			name = Debug;
		};
		C37925072C72202900D2E944 /* Release */ = {
			isa = XCBuildConfiguration;
			buildSettings = {
				ALWAYS_EMBED_SWIFT_STANDARD_LIBRARIES = YES;
				CODE_SIGN_STYLE = Automatic;
				CURRENT_PROJECT_VERSION = 1;
				DEVELOPMENT_TEAM = L7R6QG2MS7;
				GENERATE_INFOPLIST_FILE = YES;
				MARKETING_VERSION = 1.0;
				PRODUCT_BUNDLE_IDENTIFIER = com.Flock.ArtBookSwiftUIUITests;
				PRODUCT_NAME = "$(TARGET_NAME)";
				SWIFT_EMIT_LOC_STRINGS = NO;
				SWIFT_VERSION = 5.0;
				TARGETED_DEVICE_FAMILY = "1,2";
				TEST_TARGET_NAME = ArtBookSwiftUI;
			};
			name = Release;
		};
/* End XCBuildConfiguration section */

/* Begin XCConfigurationList section */
		C37924D62C72201900D2E944 /* Build configuration list for PBXProject "ArtBookSwiftUI" */ = {
			isa = XCConfigurationList;
			buildConfigurations = (
				C37924FD2C72202900D2E944 /* Debug */,
				C37924FE2C72202900D2E944 /* Release */,
			);
			defaultConfigurationIsVisible = 0;
			defaultConfigurationName = Release;
		};
		C37924FF2C72202900D2E944 /* Build configuration list for PBXNativeTarget "ArtBookSwiftUI" */ = {
			isa = XCConfigurationList;
			buildConfigurations = (
				C37925002C72202900D2E944 /* Debug */,
				C37925012C72202900D2E944 /* Release */,
			);
			defaultConfigurationIsVisible = 0;
			defaultConfigurationName = Release;
		};
		C37925022C72202900D2E944 /* Build configuration list for PBXNativeTarget "ArtBookSwiftUITests" */ = {
			isa = XCConfigurationList;
			buildConfigurations = (
				C37925032C72202900D2E944 /* Debug */,
				C37925042C72202900D2E944 /* Release */,
			);
			defaultConfigurationIsVisible = 0;
			defaultConfigurationName = Release;
		};
		C37925052C72202900D2E944 /* Build configuration list for PBXNativeTarget "ArtBookSwiftUIUITests" */ = {
			isa = XCConfigurationList;
			buildConfigurations = (
				C37925062C72202900D2E944 /* Debug */,
				C37925072C72202900D2E944 /* Release */,
			);
			defaultConfigurationIsVisible = 0;
			defaultConfigurationName = Release;
		};
/* End XCConfigurationList section */

/* Begin XCVersionGroup section */
		C379250D2C72279500D2E944 /* ArtBookModel.xcdatamodeld */ = {
			isa = XCVersionGroup;
			children = (
				C379250E2C72279500D2E944 /* ArtBookModel.xcdatamodel */,
			);
			currentVersion = C379250E2C72279500D2E944 /* ArtBookModel.xcdatamodel */;
			path = ArtBookModel.xcdatamodeld;
			sourceTree = "<group>";
			versionGroupType = wrapper.xcdatamodel;
		};
/* End XCVersionGroup section */
	};
	rootObject = C37924D32C72201900D2E944 /* Project object */;
}
